
Microsoft Visual Studio Solution File, Format Version 11.00
# Visual Studio 2010
Project("{FAE04EC0-301F-11D3-BF4B-00C04F79EFBC}") = "ischool_SQLDBTransfer", "ischool_SQLDBTransfer\ischool_SQLDBTransfer.csproj", "{6D75A050-B4D1-45C3-A2C3-BDE55771CC71}"
EndProject
Global
	GlobalSection(TeamFoundationVersionControl) = preSolution
		SccNumberOfProjects = 2
		SccEnterpriseProvider = {4CA58AB2-18FA-4F8D-95D4-32DDF27D184C}
		SccTeamFoundationServer = http://tfserver.ischool.com.tw:8080/tfs/tfs2008
		SccLocalPath0 = .
		SccProjectUniqueName1 = ischool_SQLDBTransfer\\ischool_SQLDBTransfer.csproj
		SccProjectName1 = ischool_SQLDBTransfer
		SccLocalPath1 = ischool_SQLDBTransfer
	EndGlobalSection
	GlobalSection(SolutionConfigurationPlatforms) = preSolution
		Debug|x86 = Debug|x86
		Release|x86 = Release|x86
	EndGlobalSection
	GlobalSection(ProjectConfigurationPlatforms) = postSolution
		{6D75A050-B4D1-45C3-A2C3-BDE55771CC71}.Debug|x86.ActiveCfg = Debug|x86
		{6D75A050-B4D1-45C3-A2C3-BDE55771CC71}.Debug|x86.Build.0 = Debug|x86
		{6D75A050-B4D1-45C3-A2C3-BDE55771CC71}.Release|x86.ActiveCfg = Release|x86
		{6D75A050-B4D1-45C3-A2C3-BDE55771CC71}.Release|x86.Build.0 = Release|x86
	EndGlobalSection
	GlobalSection(SolutionProperties) = preSolution
		HideSolutionNode = FALSE
	EndGlobalSection
EndGlobal
